
Microsoft Visual Studio Solution File, Format Version 12.00
# Visual Studio Version 17
VisualStudioVersion = 17.2.32526.322
MinimumVisualStudioVersion = 10.0.40219.1
Project("{9A19103F-16F7-4668-BE54-9A1E7A4F7556}") = "EFCoreLink.API", "EFCoreLink.API\EFCoreLink.API.csproj", "{37278179-F2E6-4567-8DD6-8DC5032A8862}"
EndProject
Project("{9A19103F-16F7-4668-BE54-9A1E7A4F7556}") = "LinkW2.ConsoleApp", "LinkW2.ConsoleApp\LinkW2.ConsoleApp.csproj", "{A480704D-8952-467B-90C6-D8A488D77D93}"
EndProject
Global
	GlobalSection(SolutionConfigurationPlatforms) = preSolution
		Debug|Any CPU = Debug|Any CPU
		Release|Any CPU = Release|Any CPU
	EndGlobalSection
	GlobalSection(ProjectConfigurationPlatforms) = postSolution
		{37278179-F2E6-4567-8DD6-8DC5032A8862}.Debug|Any CPU.ActiveCfg = Debug|Any CPU
		{37278179-F2E6-4567-8DD6-8DC5032A8862}.Debug|Any CPU.Build.0 = Debug|Any CPU
		{37278179-F2E6-4567-8DD6-8DC5032A8862}.Release|Any CPU.ActiveCfg = Release|Any CPU
		{37278179-F2E6-4567-8DD6-8DC5032A8862}.Release|Any CPU.Build.0 = Release|Any CPU
		{A480704D-8952-467B-90C6-D8A488D77D93}.Debug|Any CPU.ActiveCfg = Debug|Any CPU
		{A480704D-8952-467B-90C6-D8A488D77D93}.Debug|Any CPU.Build.0 = Debug|Any CPU
		{A480704D-8952-467B-90C6-D8A488D77D93}.Release|Any CPU.ActiveCfg = Release|Any CPU
		{A480704D-8952-467B-90C6-D8A488D77D93}.Release|Any CPU.Build.0 = Release|Any CPU
	EndGlobalSection
	GlobalSection(SolutionProperties) = preSolution
		HideSolutionNode = FALSE
	EndGlobalSection
	GlobalSection(ExtensibilityGlobals) = postSolution
		SolutionGuid = {E2C1751F-A5A6-4143-8DCF-059EFCE55C4E}
	EndGlobalSection
EndGlobal
